[[package]]
name = "mysql-connector-python"
version = "8.0.26"
description = "MySQL driver written in Python"
category = "main"
optional = false
python-versions = "*"

[package.dependencies]
protobuf = ">=3.0.0"

[package.extras]
compression = ["lz4 (>=2.1.6)", "zstandard (>=0.12.0)"]
dns-srv = ["dnspython (>=1.16.0)"]
gssapi = ["gssapi (>=1.6.9)"]

[[package]]
name = "protobuf"
version = "3.18.1"
description = "Protocol Buffers"
category = "main"
optional = false
python-versions = ">=3.5"

[metadata]
lock-version = "1.1"
python-versions = "^3.9"
content-hash = "e48a344399cfb963b2b73100dacd1f727566c6ca8e58bb225d47d6ab6e4f842c"

[metadata.files]
mysql-connector-python = [
    {file = "mysql-connector-python-8.0.26.tar.gz", hash = "sha256:f5fde784da884fe4f6f4734c0c356b6bf8f1a55fe770bc3ee0ded3d111f6123a"},
    {file = "mysql_connector_python-8.0.26-cp36-cp36m-manylinux1_i686.whl", hash = "sha256:b8659919b4d6973764de7bdcb8d2d9563fb5d7d5ed6386bc6fce494421455145"},
    {file = "mysql_connector_python-8.0.26-cp36-cp36m-manylinux1_x86_64.whl", hash = "sha256:7e053c818dff6dc42c1f40861918a377b2b60aa3987fed7e40587d2467881844"},
    {file = "mysql_connector_python-8.0.26-cp36-cp36m-win_amd64.whl", hash = "sha256:3da7a33da3ee28f0175dcac8084900e0e97ab28e2711129711d651acd8eb4241"},
    {file = "mysql_connector_python-8.0.26-cp37-cp37m-macosx_11_0_x86_64.whl", hash = "sha256:4de9aab6fddc67ac105e576bf0b5a507795a13ce3bba6959f5c401885119c080"},
    {file = "mysql_connector_python-8.0.26-cp37-cp37m-manylinux1_i686.whl", hash = "sha256:62e939c88a1be022b25023e5a4ba21472bfe563d2c3487c3286605d6ecc45214"},
    {file = "mysql_connector_python-8.0.26-cp37-cp37m-manylinux1_x86_64.whl", hash = "sha256:1d2be3287689aff582ec58e4b4f053a2fd097a73f3330138330408595824e5e1"},
    {file = "mysql_connector_python-8.0.26-cp37-cp37m-win_amd64.whl", hash = "sha256:84008628cfe6aca25eb2d7cef1c255b017dc32ad8b4a78e29089c0f2cd627820"},
    {file = "mysql_connector_python-8.0.26-cp38-cp38-macosx_11_0_x86_64.whl", hash = "sha256:d822d0bfe171a7d4aec735f37e8a10dec13338f93ec3f879c90ef4c687c7c699"},
    {file = "mysql_connector_python-8.0.26-cp38-cp38-manylinux1_i686.whl", hash = "sha256:a139ecea8fa49df0aa9df71d4bf9c30ae250034b8f1580c7f9ba96d531920a1f"},
    {file = "mysql_connector_python-8.0.26-cp38-cp38-manylinux1_x86_64.whl", hash = "sha256:3f85fa406b74517daad49c584f068478941963d5cccc4a7a140d577b17f393fb"},
    {file = "mysql_connector_python-8.0.26-cp38-cp38-win_amd64.whl", hash = "sha256:69c4071f3b397e862b7f4c8d7ad0c88417687fbaf308167f9f3e63bcf0f24f25"},
    {file = "mysql_connector_python-8.0.26-cp39-cp39-macosx_11_0_x86_64.whl", hash = "sha256:fdbb4d0ecd326952eff557d6e597a1350a4f40c206f669dd2f8f487518ef7d0f"},
    {file = "mysql_connector_python-8.0.26-cp39-cp39-manylinux1_i686.whl", hash = "sha256:136630a0a7c52e84851fb8f622dee03b1b7e797b7f5639f3f4965825cdcd6567"},
    {file = "mysql_connector_python-8.0.26-cp39-cp39-manylinux1_x86_64.whl", hash = "sha256:547b16542fa7eae657c48bae0b126a5757cda5d1e8356139f4514f1cc6efbde3"},
    {file = "mysql_connector_python-8.0.26-cp39-cp39-win_amd64.whl", hash = "sha256:c10e4f47f1ab04a17f6ab50e39dbf99c81c6213b89533b901ccca57c3e78ade6"},
    {file = "mysql_connector_python-8.0.26-py2.py3-none-any.whl", hash = "sha256:eaaa4a41e8508bc0eee5c39f5bb4454cc6d091a332535e988d09746ab4428f3e"},
]
protobuf = [
    {file = "protobuf-3.18.1-cp36-cp36m-macosx_10_9_x86_64.whl", hash = "sha256:fa6d1049d5315566f55c04d0b50c0033415144f96a9d25c820dc542fe2bb7f45"},
    {file = "protobuf-3.18.1-cp36-cp36m-manylinux_2_17_x86_64.manylinux2014_x86_64.whl", hash = "sha256:c0e2790c580070cff2921b93d562539ae027064340151c50db6aaf94c33048cd"},
    {file = "protobuf-3.18.1-cp36-cp36m-win32.whl", hash = "sha256:7e2f0677d68ecdd1cfda2abea65873f5bc7c3f5aae199404a3f5c1d1198c1a63"},
    {file = "protobuf-3.18.1-cp36-cp36m-win_amd64.whl", hash = "sha256:6f714f5de9d40b3bec90ede4a688cce52f637ccdc5403afcda1f67598f4fdcd7"},
    {file = "protobuf-3.18.1-cp37-cp37m-macosx_10_9_x86_64.whl", hash = "sha256:7a7be937c319146cc9f2626f0181e6809062c353e1fe449ecd0df374ba1036b2"},
    {file = "protobuf-3.18.1-cp37-cp37m-manylinux2014_aarch64.whl", hash = "sha256:10544fc7ace885a882623083c24da5b14148c77563acddc3c58d66f6153c09cd"},
    {file = "protobuf-3.18.1-cp37-cp37m-manylinux_2_17_x86_64.manylinux2014_x86_64.whl", hash = "sha256:e2ee8b11e3eb2ed38f12137c3c132270a0b1dd509e317228ac47b67f21a583f1"},
    {file = "protobuf-3.18.1-cp37-cp37m-win32.whl", hash = "sha256:c492c217d3f69f4d2d5619571e52ab98538edbf53caf67e53ea92bd0a3b5670f"},
    {file = "protobuf-3.18.1-cp37-cp37m-win_amd64.whl", hash = "sha256:3c1644f8a7f19b45c7a4c32278e2a55ae9e7e2f9e5f02d960a61f04a4890d3e6"},
    {file = "protobuf-3.18.1-cp38-cp38-macosx_10_9_x86_64.whl", hash = "sha256:e9ac691f7b24e4371dcd3980e4f5d6c840a2010da37986203053fee995786ec5"},
    {file = "protobuf-3.18.1-cp38-cp38-manylinux2014_aarch64.whl", hash = "sha256:93bad12895d8b0ebc66b605c2ef1802311595f881aef032d9f13282b7550e6b2"},
    {file = "protobuf-3.18.1-cp38-cp38-manylinux_2_17_x86_64.manylinux2014_x86_64.whl", hash = "sha256:0851b5b89191e1976d34fa2e8eb8659829dfb45252053224cf9df857fb5f6a45"},
    {file = "protobuf-3.18.1-cp38-cp38-win32.whl", hash = "sha256:09d9268f6f9da81b7657adcf2fb397524c82f20cdf9e0db3ff4e7567977abd67"},
    {file = "protobuf-3.18.1-cp38-cp38-win_amd64.whl", hash = "sha256:d6d927774c0ec746fed15a4faff5f44aad0b7a3421fadb6f3ae5ca1f2f8ae26e"},
    {file = "protobuf-3.18.1-cp39-cp39-macosx_10_9_x86_64.whl", hash = "sha256:4d19c9cb805fd2be1d59eee39e152367ee92a30167e77bd06c8819f8f0009a4c"},
    {file = "protobuf-3.18.1-cp39-cp39-manylinux2014_aarch64.whl", hash = "sha256:387f621bf7295a331f8c8a6962d097ceddeb85356792888cfa6a5c6bfc6886a4"},
    {file = "protobuf-3.18.1-cp39-cp39-manylinux_2_17_x86_64.manylinux2014_x86_64.whl", hash = "sha256:8c1c5d3966c856f60a9d8d62f4455d70c31026422acdd5c228edf22b65b16c38"},
    {file = "protobuf-3.18.1-cp39-cp39-win32.whl", hash = "sha256:f20f803892f2135e8b96dc58c9a0c6a7ad8436794bf8784af229498d939b4c77"},
    {file = "protobuf-3.18.1-cp39-cp39-win_amd64.whl", hash = "sha256:d76201380f41a2d83fb613a4683059d1fcafbe969518b3e409e279a8788fde2f"},
    {file = "protobuf-3.18.1-py2.py3-none-any.whl", hash = "sha256:61ca58e14033ca0dfa484a31d57237c1be3b6013454c7f53876a20fc88dd69b1"},
    {file = "protobuf-3.18.1.tar.gz", hash = "sha256:1c9bb40503751087300dd12ce2e90899d68628977905c76effc48e66d089391e"},
]
